Microsoft Visual Studio Solution File, Format Version 9.00
# Visual Studio 2005
Project("{FAE04EC0-301F-11D3-BF4B-00C04F79EFBC}") = "HowToSetValidationRulesInCode.Module", "HowToSetValidationRulesInCode.Module\HowToSetValidationRulesInCode.Module.csproj", "{2B2A126B-5164-4217-A183-EBE980494B9B}"
	ProjectSection(WebsiteProperties) = preProject
		Debug.AspNetCompiler.Debug = "True"
		Release.AspNetCompiler.Debug = "False"
	EndProjectSection
EndProject
Project("{FAE04EC0-301F-11D3-BF4B-00C04F79EFBC}") = "HowToSetValidationRulesInCode.Module.Web", "HowToSetValidationRulesInCode.Module.Web\HowToSetValidationRulesInCode.Module.Web.csproj", "{1609A607-7359-456E-BEAD-A661356586C8}"
	ProjectSection(WebsiteProperties) = preProject
		Debug.AspNetCompiler.Debug = "True"
		Release.AspNetCompiler.Debug = "False"
	EndProjectSection
EndProject
Project("{FAE04EC0-301F-11D3-BF4B-00C04F79EFBC}") = "HowToSetValidationRulesInCode.Web", "HowToSetValidationRulesInCode.Web\HowToSetValidationRulesInCode.Web.csproj", "{31D2C36C-E2C0-4368-A204-D3E198473BA4}"
	ProjectSection(WebsiteProperties) = preProject
		Debug.AspNetCompiler.Debug = "True"
		Release.AspNetCompiler.Debug = "False"
	EndProjectSection
EndProject
Project("{FAE04EC0-301F-11D3-BF4B-00C04F79EFBC}") = "HowToSetValidationRulesInCode.Module.Win", "HowToSetValidationRulesInCode.Module.Win\HowToSetValidationRulesInCode.Module.Win.csproj", "{3CF118C9-1633-4514-B89C-DB634B27E82E}"
	ProjectSection(WebsiteProperties) = preProject
		Debug.AspNetCompiler.Debug = "True"
		Release.AspNetCompiler.Debug = "False"
	EndProjectSection
EndProject
Project("{FAE04EC0-301F-11D3-BF4B-00C04F79EFBC}") = "HowToSetValidationRulesInCode.Win", "HowToSetValidationRulesInCode.Win\HowToSetValidationRulesInCode.Win.csproj", "{EE5CAD99-9DF0-4F76-8CE3-0D81DE05CAD0}"
	ProjectSection(WebsiteProperties) = preProject
		Debug.AspNetCompiler.Debug = "True"
		Release.AspNetCompiler.Debug = "False"
	EndProjectSection
EndProject
Global
	GlobalSection(SolutionConfigurationPlatforms) = preSolution
		Debug|Any CPU = Debug|Any CPU
		Release|Any CPU = Release|Any CPU
	EndGlobalSection
	GlobalSection(ProjectConfigurationPlatforms) = postSolution
		{2B2A126B-5164-4217-A183-EBE980494B9B}.Debug|Any CPU.ActiveCfg = Debug|Any CPU
		{2B2A126B-5164-4217-A183-EBE980494B9B}.Debug|Any CPU.Build.0 = Debug|Any CPU
		{2B2A126B-5164-4217-A183-EBE980494B9B}.Release|Any CPU.ActiveCfg = Release|Any CPU
		{2B2A126B-5164-4217-A183-EBE980494B9B}.Release|Any CPU.Build.0 = Release|Any CPU
		{1609A607-7359-456E-BEAD-A661356586C8}.Debug|Any CPU.ActiveCfg = Debug|Any CPU
		{1609A607-7359-456E-BEAD-A661356586C8}.Debug|Any CPU.Build.0 = Debug|Any CPU
		{1609A607-7359-456E-BEAD-A661356586C8}.Release|Any CPU.ActiveCfg = Release|Any CPU
		{1609A607-7359-456E-BEAD-A661356586C8}.Release|Any CPU.Build.0 = Release|Any CPU
		{31D2C36C-E2C0-4368-A204-D3E198473BA4}.Debug|Any CPU.ActiveCfg = Debug|Any CPU
		{31D2C36C-E2C0-4368-A204-D3E198473BA4}.Debug|Any CPU.Build.0 = Debug|Any CPU
		{31D2C36C-E2C0-4368-A204-D3E198473BA4}.Release|Any CPU.ActiveCfg = Release|Any CPU
		{31D2C36C-E2C0-4368-A204-D3E198473BA4}.Release|Any CPU.Build.0 = Release|Any CPU
		{3CF118C9-1633-4514-B89C-DB634B27E82E}.Debug|Any CPU.ActiveCfg = Debug|Any CPU
		{3CF118C9-1633-4514-B89C-DB634B27E82E}.Debug|Any CPU.Build.0 = Debug|Any CPU
		{3CF118C9-1633-4514-B89C-DB634B27E82E}.Release|Any CPU.ActiveCfg = Release|Any CPU
		{3CF118C9-1633-4514-B89C-DB634B27E82E}.Release|Any CPU.Build.0 = Release|Any CPU
		{EE5CAD99-9DF0-4F76-8CE3-0D81DE05CAD0}.Debug|Any CPU.ActiveCfg = Debug|Any CPU
		{EE5CAD99-9DF0-4F76-8CE3-0D81DE05CAD0}.Debug|Any CPU.Build.0 = Debug|Any CPU
		{EE5CAD99-9DF0-4F76-8CE3-0D81DE05CAD0}.Release|Any CPU.ActiveCfg = Release|Any CPU
		{EE5CAD99-9DF0-4F76-8CE3-0D81DE05CAD0}.Release|Any CPU.Build.0 = Release|Any CPU
	EndGlobalSection
	GlobalSection(SolutionProperties) = preSolution
		HideSolutionNode = FALSE
	EndGlobalSection
EndGlobal
